// !$*UTF8*$!
{
	archiveVersion = 1;
	classes = {
	};
	objectVersion = 50;
	objects = {

/* Begin PBXBuildFile section */
		C7DBC33522D221E100965C11 /* AppDelegate.swift in Sources */ = {isa = PBXBuildFile; fileRef = C7DBC33422D221E100965C11 /* AppDelegate.swift */; };
		C7DBC33722D221E100965C11 /* ViewController.swift in Sources */ = {isa = PBXBuildFile; fileRef = C7DBC33622D221E100965C11 /* ViewController.swift */; };
		C7DBC33A22D221E100965C11 /* Main.storyboard in Resources */ = {isa = PBXBuildFile; fileRef = C7DBC33822D221E100965C11 /* Main.storyboard */; };
		C7DBC33F22D221E200965C11 /* Assets.xcassets in Resources */ = {isa = PBXBuildFile; fileRef = C7DBC33E22D221E200965C11 /* Assets.xcassets */; };
		C7DBC34222D221E200965C11 /* LaunchScreen.storyboard in Resources */ = {isa = PBXBuildFile; fileRef = C7DBC34022D221E200965C11 /* LaunchScreen.storyboard */; };
		C7DBC34D22D221E200965C11 /* SideDrawerTests.swift in Sources */ = {isa = PBXBuildFile; fileRef = C7DBC34C22D221E200965C11 /* SideDrawerTests.swift */; };
		C7DBC35822D221E200965C11 /* SideDrawerUITests.swift in Sources */ = {isa = PBXBuildFile; fileRef = C7DBC35722D221E200965C11 /* SideDrawerUITests.swift */; };
		C7DBC36822D2221000965C11 /* BaseViewController.swift in Sources */ = {isa = PBXBuildFile; fileRef = C7DBC36622D2221000965C11 /* BaseViewController.swift */; };
		C7DBC36922D2221000965C11 /* MenuViewController.swift in Sources */ = {isa = PBXBuildFile; fileRef = C7DBC36722D2221000965C11 /* MenuViewController.swift */; };
		C7DBC36C22D2272500965C11 /* HeaderView.swift in Sources */ = {isa = PBXBuildFile; fileRef = C7DBC36B22D2272500965C11 /* HeaderView.swift */; };
		C7DBC36F22D227FB00965C11 /* TableData.swift in Sources */ = {isa = PBXBuildFile; fileRef = C7DBC36E22D227FB00965C11 /* TableData.swift */; };
		C7DBC37122D22C4500965C11 /* ChildViewController.swift in Sources */ = {isa = PBXBuildFile; fileRef = C7DBC37022D22C4500965C11 /* ChildViewController.swift */; };
/* End PBXBuildFile section */

/* Begin PBXContainerItemProxy section */
		C7DBC34922D221E200965C11 /* PBXContainerItemProxy */ = {
			isa = PBXContainerItemProxy;
			containerPortal = C7DBC32922D221E100965C11 /* Project object */;
			proxyType = 1;
			remoteGlobalIDString = C7DBC33022D221E100965C11;
			remoteInfo = SideDrawer;
		};
		C7DBC35422D221E200965C11 /* PBXContainerItemProxy */ = {
			isa = PBXContainerItemProxy;
			containerPortal = C7DBC32922D221E100965C11 /* Project object */;
			proxyType = 1;
			remoteGlobalIDString = C7DBC33022D221E100965C11;
			remoteInfo = SideDrawer;
		};
/* End PBXContainerItemProxy section */

/* Begin PBXFileReference section */
		C7DBC33122D221E100965C11 /* SideDrawer.app */ = {isa = PBXFileReference; explicitFileType = wrapper.application; includeInIndex = 0; path = SideDrawer.app; sourceTree = BUILT_PRODUCTS_DIR; };
		C7DBC33422D221E100965C11 /* AppDelegate.swift */ = {isa = PBXFileReference; lastKnownFileType = sourcecode.swift; path = AppDelegate.swift; sourceTree = "<group>"; };
		C7DBC33622D221E100965C11 /* ViewController.swift */ = {isa = PBXFileReference; lastKnownFileType = sourcecode.swift; path = ViewController.swift; sourceTree = "<group>"; };
		C7DBC33922D221E100965C11 /* Base */ = {isa = PBXFileReference; lastKnownFileType = file.storyboard; name = Base; path = Base.lproj/Main.storyboard; sourceTree = "<group>"; };
		C7DBC33E22D221E200965C11 /* Assets.xcassets */ = {isa = PBXFileReference; lastKnownFileType = folder.assetcatalog; path = Assets.xcassets; sourceTree = "<group>"; };
		C7DBC34122D221E200965C11 /* Base */ = {isa = PBXFileReference; lastKnownFileType = file.storyboard; name = Base; path = Base.lproj/LaunchScreen.storyboard; sourceTree = "<group>"; };
		C7DBC34322D221E200965C11 /* Info.plist */ = {isa = PBXFileReference; lastKnownFileType = text.plist.xml; path = Info.plist; sourceTree = "<group>"; };
		C7DBC34822D221E200965C11 /* SideDrawerTests.xctest */ = {isa = PBXFileReference; explicitFileType = wrapper.cfbundle; includeInIndex = 0; path = SideDrawerTests.xctest; sourceTree = BUILT_PRODUCTS_DIR; };
		C7DBC34C22D221E200965C11 /* SideDrawerTests.swift */ = {isa = PBXFileReference; lastKnownFileType = sourcecode.swift; path = SideDrawerTests.swift; sourceTree = "<group>"; };
		C7DBC34E22D221E200965C11 /* Info.plist */ = {isa = PBXFileReference; lastKnownFileType = text.plist.xml; path = Info.plist; sourceTree = "<group>"; };
		C7DBC35322D221E200965C11 /* SideDrawerUITests.xctest */ = {isa = PBXFileReference; explicitFileType = wrapper.cfbundle; includeInIndex = 0; path = SideDrawerUITests.xctest; sourceTree = BUILT_PRODUCTS_DIR; };
		C7DBC35722D221E200965C11 /* SideDrawerUITests.swift */ = {isa = PBXFileReference; lastKnownFileType = sourcecode.swift; path = SideDrawerUITests.swift; sourceTree = "<group>"; };
		C7DBC35922D221E200965C11 /* Info.plist */ = {isa = PBXFileReference; lastKnownFileType = text.plist.xml; path = Info.plist; sourceTree = "<group>"; };
		C7DBC36622D2221000965C11 /* BaseViewController.swift */ = {isa = PBXFileReference; fileEncoding = 4; lastKnownFileType = sourcecode.swift; path = BaseViewController.swift; sourceTree = "<group>"; };
		C7DBC36722D2221000965C11 /* MenuViewController.swift */ = {isa = PBXFileReference; fileEncoding = 4; lastKnownFileType = sourcecode.swift; path = MenuViewController.swift; sourceTree = "<group>"; };
		C7DBC36B22D2272500965C11 /* HeaderView.swift */ = {isa = PBXFileReference; fileEncoding = 4; lastKnownFileType = sourcecode.swift; path = HeaderView.swift; sourceTree = "<group>"; };
		C7DBC36E22D227FB00965C11 /* TableData.swift */ = {isa = PBXFileReference; fileEncoding = 4; lastKnownFileType = sourcecode.swift; path = TableData.swift; sourceTree = "<group>"; };
		C7DBC37022D22C4500965C11 /* ChildViewController.swift */ = {isa = PBXFileReference; lastKnownFileType = sourcecode.swift; path = ChildViewController.swift; sourceTree = "<group>"; };
/* End PBXFileReference section */

/* Begin PBXFrameworksBuildPhase section */
		C7DBC32E22D221E100965C11 /* Frameworks */ = {
			isa = PBXFrameworksBuildPhase;
			buildActionMask = 2147483647;
			files = (
			);
			runOnlyForDeploymentPostprocessing = 0;
		};
		C7DBC34522D221E200965C11 /* Frameworks */ = {
			isa = PBXFrameworksBuildPhase;
			buildActionMask = 2147483647;
			files = (
			);
			runOnlyForDeploymentPostprocessing = 0;
		};
		C7DBC35022D221E200965C11 /* Frameworks */ = {
			isa = PBXFrameworksBuildPhase;
			buildActionMask = 2147483647;
			files = (
			);
			runOnlyForDeploymentPostprocessing = 0;
		};
/* End PBXFrameworksBuildPhase section */

/* Begin PBXGroup section */
		C7DBC32822D221E100965C11 = {
			isa = PBXGroup;
			children = (
				C7DBC33322D221E100965C11 /* SideDrawer */,
				C7DBC34B22D221E200965C11 /* SideDrawerTests */,
				C7DBC35622D221E200965C11 /* SideDrawerUITests */,
				C7DBC33222D221E100965C11 /* Products */,
			);
			sourceTree = "<group>";
		};
		C7DBC33222D221E100965C11 /* Products */ = {
			isa = PBXGroup;
			children = (
				C7DBC33122D221E100965C11 /* SideDrawer.app */,
				C7DBC34822D221E200965C11 /* SideDrawerTests.xctest */,
				C7DBC35322D221E200965C11 /* SideDrawerUITests.xctest */,
			);
			name = Products;
			sourceTree = "<group>";
		};
		C7DBC33322D221E100965C11 /* SideDrawer */ = {
			isa = PBXGroup;
			children = (
				C7DBC36D22D227E900965C11 /* Model */,
				C7DBC36A22D226FD00965C11 /* HeaderView */,
				C7DBC36522D2221000965C11 /* SideDrawer */,
				C7DBC33422D221E100965C11 /* AppDelegate.swift */,
				C7DBC33622D221E100965C11 /* ViewController.swift */,
				C7DBC33822D221E100965C11 /* Main.storyboard */,
				C7DBC33E22D221E200965C11 /* Assets.xcassets */,
				C7DBC34022D221E200965C11 /* LaunchScreen.storyboard */,
				C7DBC34322D221E200965C11 /* Info.plist */,
				C7DBC37022D22C4500965C11 /* ChildViewController.swift */,
			);
			path = SideDrawer;
			sourceTree = "<group>";
		};
		C7DBC34B22D221E200965C11 /* SideDrawerTests */ = {
			isa = PBXGroup;
			children = (
				C7DBC34C22D221E200965C11 /* SideDrawerTests.swift */,
				C7DBC34E22D221E200965C11 /* Info.plist */,
			);
			path = SideDrawerTests;
			sourceTree = "<group>";
		};
		C7DBC35622D221E200965C11 /* SideDrawerUITests */ = {
			isa = PBXGroup;
			children = (
				C7DBC35722D221E200965C11 /* SideDrawerUITests.swift */,
				C7DBC35922D221E200965C11 /* Info.plist */,
			);
			path = SideDrawerUITests;
			sourceTree = "<group>";
		};
		C7DBC36522D2221000965C11 /* SideDrawer */ = {
			isa = PBXGroup;
			children = (
				C7DBC36622D2221000965C11 /* BaseViewController.swift */,
				C7DBC36722D2221000965C11 /* MenuViewController.swift */,
			);
			path = SideDrawer;
			sourceTree = "<group>";
		};
		C7DBC36A22D226FD00965C11 /* HeaderView */ = {
			isa = PBXGroup;
			children = (
				C7DBC36B22D2272500965C11 /* HeaderView.swift */,
			);
			path = HeaderView;
			sourceTree = "<group>";
		};
		C7DBC36D22D227E900965C11 /* Model */ = {
			isa = PBXGroup;
			children = (
				C7DBC36E22D227FB00965C11 /* TableData.swift */,
			);
			path = Model;
			sourceTree = "<group>";
		};
/* End PBXGroup section */

/* Begin PBXNativeTarget section */
		C7DBC33022D221E100965C11 /* SideDrawer */ = {
			isa = PBXNativeTarget;
			buildConfigurationList = C7DBC35C22D221E200965C11 /* Build configuration list for PBXNativeTarget "SideDrawer" */;
			buildPhases = (
				C7DBC32D22D221E100965C11 /* Sources */,
				C7DBC32E22D221E100965C11 /* Frameworks */,
				C7DBC32F22D221E100965C11 /* Resources */,
			);
			buildRules = (
			);
			dependencies = (
			);
			name = SideDrawer;
			productName = SideDrawer;
			productReference = C7DBC33122D221E100965C11 /* SideDrawer.app */;
			productType = "com.apple.product-type.application";
		};
		C7DBC34722D221E200965C11 /* SideDrawerTests */ = {
			isa = PBXNativeTarget;
			buildConfigurationList = C7DBC35F22D221E200965C11 /* Build configuration list for PBXNativeTarget "SideDrawerTests" */;
			buildPhases = (
				C7DBC34422D221E200965C11 /* Sources */,
				C7DBC34522D221E200965C11 /* Frameworks */,
				C7DBC34622D221E200965C11 /* Resources */,
			);
			buildRules = (
			);
			dependencies = (
				C7DBC34A22D221E200965C11 /* PBXTargetDependency */,
			);
			name = SideDrawerTests;
			productName = SideDrawerTests;
			productReference = C7DBC34822D221E200965C11 /* SideDrawerTests.xctest */;
			productType = "com.apple.product-type.bundle.unit-test";
		};
		C7DBC35222D221E200965C11 /* SideDrawerUITests */ = {
			isa = PBXNativeTarget;
			buildConfigurationList = C7DBC36222D221E200965C11 /* Build configuration list for PBXNativeTarget "SideDrawerUITests" */;
			buildPhases = (
				C7DBC34F22D221E200965C11 /* Sources */,
				C7DBC35022D221E200965C11 /* Frameworks */,
				C7DBC35122D221E200965C11 /* Resources */,
			);
			buildRules = (
			);
			dependencies = (
				C7DBC35522D221E200965C11 /* PBXTargetDependency */,
			);
			name = SideDrawerUITests;
			productName = SideDrawerUITests;
			productReference = C7DBC35322D221E200965C11 /* SideDrawerUITests.xctest */;
			productType = "com.apple.product-type.bundle.ui-testing";
		};
/* End PBXNativeTarget section */

/* Begin PBXProject section */
		C7DBC32922D221E100965C11 /* Project object */ = {
			isa = PBXProject;
			attributes = {
				LastSwiftUpdateCheck = 1020;
				LastUpgradeCheck = 1020;
				ORGANIZATIONNAME = RakeshPC;
				TargetAttributes = {
					C7DBC33022D221E100965C11 = {
						CreatedOnToolsVersion = 10.2;
					};
					C7DBC34722D221E200965C11 = {
						CreatedOnToolsVersion = 10.2;
						TestTargetID = C7DBC33022D221E100965C11;
					};
					C7DBC35222D221E200965C11 = {
						CreatedOnToolsVersion = 10.2;
						TestTargetID = C7DBC33022D221E100965C11;
					};
				};
			};
			buildConfigurationList = C7DBC32C22D221E100965C11 /* Build configuration list for PBXProject "SideDrawer" */;
			compatibilityVersion = "Xcode 9.3";
			developmentRegion = en;
			hasScannedForEncodings = 0;
			knownRegions = (
				en,
				Base,
			);
			mainGroup = C7DBC32822D221E100965C11;
			productRefGroup = C7DBC33222D221E100965C11 /* Products */;
			projectDirPath = "";
			projectRoot = "";
			targets = (
				C7DBC33022D221E100965C11 /* SideDrawer */,
				C7DBC34722D221E200965C11 /* SideDrawerTests */,
				C7DBC35222D221E200965C11 /* SideDrawerUITests */,
			);
		};
/* End PBXProject section */

/* Begin PBXResourcesBuildPhase section */
		C7DBC32F22D221E100965C11 /* Resources */ = {
			isa = PBXResourcesBuildPhase;
			buildActionMask = 2147483647;
			files = (
				C7DBC34222D221E200965C11 /* LaunchScreen.storyboard in Resources */,
				C7DBC33F22D221E200965C11 /* Assets.xcassets in Resources */,
				C7DBC33A22D221E100965C11 /* Main.storyboard in Resources */,
			);
			runOnlyForDeploymentPostprocessing = 0;
		};
		C7DBC34622D221E200965C11 /* Resources */ = {
			isa = PBXResourcesBuildPhase;
			buildActionMask = 2147483647;
			files = (
			);
			runOnlyForDeploymentPostprocessing = 0;
		};
		C7DBC35122D221E200965C11 /* Resources */ = {
			isa = PBXResourcesBuildPhase;
			buildActionMask = 2147483647;
			files = (
			);
			runOnlyForDeploymentPostprocessing = 0;
		};
/* End PBXResourcesBuildPhase section */

/* Begin PBXSourcesBuildPhase section */
		C7DBC32D22D221E100965C11 /* Sources */ = {
			isa = PBXSourcesBuildPhase;
			buildActionMask = 2147483647;
			files = (
				C7DBC37122D22C4500965C11 /* ChildViewController.swift in Sources */,
				C7DBC36F22D227FB00965C11 /* TableData.swift in Sources */,
				C7DBC36C22D2272500965C11 /* HeaderView.swift in Sources */,
				C7DBC33722D221E100965C11 /* ViewController.swift in Sources */,
				C7DBC36922D2221000965C11 /* MenuViewController.swift in Sources */,
				C7DBC36822D2221000965C11 /* BaseViewController.swift in Sources */,
				C7DBC33522D221E100965C11 /* AppDelegate.swift in Sources */,
			);
			runOnlyForDeploymentPostprocessing = 0;
		};
		C7DBC34422D221E200965C11 /* Sources */ = {
			isa = PBXSourcesBuildPhase;
			buildActionMask = 2147483647;
			files = (
				C7DBC34D22D221E200965C11 /* SideDrawerTests.swift in Sources */,
			);
			runOnlyForDeploymentPostprocessing = 0;
		};
		C7DBC34F22D221E200965C11 /* Sources */ = {
			isa = PBXSourcesBuildPhase;
			buildActionMask = 2147483647;
			files = (
				C7DBC35822D221E200965C11 /* SideDrawerUITests.swift in Sources */,
			);
			runOnlyForDeploymentPostprocessing = 0;
		};
/* End PBXSourcesBuildPhase section */

/* Begin PBXTargetDependency section */
		C7DBC34A22D221E200965C11 /* PBXTargetDependency */ = {
			isa = PBXTargetDependency;
			target = C7DBC33022D221E100965C11 /* SideDrawer */;
			targetProxy = C7DBC34922D221E200965C11 /* PBXContainerItemProxy */;
		};
		C7DBC35522D221E200965C11 /* PBXTargetDependency */ = {
			isa = PBXTargetDependency;
			target = C7DBC33022D221E100965C11 /* SideDrawer */;
			targetProxy = C7DBC35422D221E200965C11 /* PBXContainerItemProxy */;
		};
/* End PBXTargetDependency section */

/* Begin PBXVariantGroup section */
		C7DBC33822D221E100965C11 /* Main.storyboard */ = {
			isa = PBXVariantGroup;
			children = (
				C7DBC33922D221E100965C11 /* Base */,
			);
			name = Main.storyboard;
			sourceTree = "<group>";
		};
		C7DBC34022D221E200965C11 /* LaunchScreen.storyboard */ = {
			isa = PBXVariantGroup;
			children = (
				C7DBC34122D221E200965C11 /* Base */,
			);
			name = LaunchScreen.storyboard;
			sourceTree = "<group>";
		};
/* End PBXVariantGroup section */

/* Begin XCBuildConfiguration section */
		C7DBC35A22D221E200965C11 /* Debug */ = {
			isa = XCBuildConfiguration;
			buildSettings = {
				ALWAYS_SEARCH_USER_PATHS = NO;
				CLANG_ANALYZER_NONNULL = YES;
				CLANG_ANALYZER_NUMBER_OBJECT_CONVERSION = YES_AGGRESSIVE;
				CLANG_CXX_LANGUAGE_STANDARD = "gnu++14";
				CLANG_CXX_LIBRARY = "libc++";
				CLANG_ENABLE_MODULES = YES;
				CLANG_ENABLE_OBJC_ARC = YES;
				CLANG_ENABLE_OBJC_WEAK = YES;
				CLANG_WARN_BLOCK_CAPTURE_AUTORELEASING = YES;
				CLANG_WARN_BOOL_CONVERSION = YES;
				CLANG_WARN_COMMA = YES;
				CLANG_WARN_CONSTANT_CONVERSION = YES;
				CLANG_WARN_DEPRECATED_OBJC_IMPLEMENTATIONS = YES;
				CLANG_WARN_DIRECT_OBJC_ISA_USAGE = YES_ERROR;
				CLANG_WARN_DOCUMENTATION_COMMENTS = YES;
				CLANG_WARN_EMPTY_BODY = YES;
				CLANG_WARN_ENUM_CONVERSION = YES;
				CLANG_WARN_INFINITE_RECURSION = YES;
				CLANG_WARN_INT_CONVERSION = YES;
				CLANG_WARN_NON_LITERAL_NULL_CONVERSION = YES;
				CLANG_WARN_OBJC_IMPLICIT_RETAIN_SELF = YES;
				CLANG_WARN_OBJC_LITERAL_CONVERSION = YES;
				CLANG_WARN_OBJC_ROOT_CLASS = YES_ERROR;
				CLANG_WARN_RANGE_LOOP_ANALYSIS = YES;
				CLANG_WARN_STRICT_PROTOTYPES = YES;
				CLANG_WARN_SUSPICIOUS_MOVE = YES;
				CLANG_WARN_UNGUARDED_AVAILABILITY = YES_AGGRESSIVE;
				CLANG_WARN_UNREACHABLE_CODE = YES;
				CLANG_WARN__DUPLICATE_METHOD_MATCH = YES;
				CODE_SIGN_IDENTITY = "iPhone Developer";
				COPY_PHASE_STRIP = NO;
				DEBUG_INFORMATION_FORMAT = dwarf;
				ENABLE_STRICT_OBJC_MSGSEND = YES;
				ENABLE_TESTABILITY = YES;
				GCC_C_LANGUAGE_STANDARD = gnu11;
				GCC_DYNAMIC_NO_PIC = NO;
				GCC_NO_COMMON_BLOCKS = YES;
				GCC_OPTIMIZATION_LEVEL = 0;
				GCC_PREPROCESSOR_DEFINITIONS = (
					"DEBUG=1",
					"$(inherited)",
				);
				GCC_WARN_64_TO_32_BIT_CONVERSION = YES;
				GCC_WARN_ABOUT_RETURN_TYPE = YES_ERROR;
				GCC_WARN_UNDECLARED_SELECTOR = YES;
				GCC_WARN_UNINITIALIZED_AUTOS = YES_AGGRESSIVE;
				GCC_WARN_UNUSED_FUNCTION = YES;
				GCC_WARN_UNUSED_VARIABLE = YES;
				IPHONEOS_DEPLOYMENT_TARGET = 12.2;
				MTL_ENABLE_DEBUG_INFO = INCLUDE_SOURCE;
				MTL_FAST_MATH = YES;
				ONLY_ACTIVE_ARCH = YES;
				SDKROOT = iphoneos;
				SWIFT_ACTIVE_COMPILATION_CONDITIONS = DEBUG;
				SWIFT_OPTIMIZATION_LEVEL = "-Onone";
			};
			name = Debug;
		};
		C7DBC35B22D221E200965C11 /* Release */ = {
			isa = XCBuildConfiguration;
			buildSettings = {
				ALWAYS_SEARCH_USER_PATHS = NO;
				CLANG_ANALYZER_NONNULL = YES;
				CLANG_ANALYZER_NUMBER_OBJECT_CONVERSION = YES_AGGRESSIVE;
				CLANG_CXX_LANGUAGE_STANDARD = "gnu++14";
				CLANG_CXX_LIBRARY = "libc++";
				CLANG_ENABLE_MODULES = YES;
				CLANG_ENABLE_OBJC_ARC = YES;
				CLANG_ENABLE_OBJC_WEAK = YES;
				CLANG_WARN_BLOCK_CAPTURE_AUTORELEASING = YES;
				CLANG_WARN_BOOL_CONVERSION = YES;
				CLANG_WARN_COMMA = YES;
				CLANG_WARN_CONSTANT_CONVERSION = YES;
				CLANG_WARN_DEPRECATED_OBJC_IMPLEMENTATIONS = YES;
				CLANG_WARN_DIRECT_OBJC_ISA_USAGE = YES_ERROR;
				CLANG_WARN_DOCUMENTATION_COMMENTS = YES;
				CLANG_WARN_EMPTY_BODY = YES;
				CLANG_WARN_ENUM_CONVERSION = YES;
				CLANG_WARN_INFINITE_RECURSION = YES;
				CLANG_WARN_INT_CONVERSION = YES;
				CLANG_WARN_NON_LITERAL_NULL_CONVERSION = YES;
				CLANG_WARN_OBJC_IMPLICIT_RETAIN_SELF = YES;
				CLANG_WARN_OBJC_LITERAL_CONVERSION = YES;
				CLANG_WARN_OBJC_ROOT_CLASS = YES_ERROR;
				CLANG_WARN_RANGE_LOOP_ANALYSIS = YES;
				CLANG_WARN_STRICT_PROTOTYPES = YES;
				CLANG_WARN_SUSPICIOUS_MOVE = YES;
				CLANG_WARN_UNGUARDED_AVAILABILITY = YES_AGGRESSIVE;
				CLANG_WARN_UNREACHABLE_CODE = YES;
				CLANG_WARN__DUPLICATE_METHOD_MATCH = YES;
				CODE_SIGN_IDENTITY = "iPhone Developer";
				COPY_PHASE_STRIP = NO;
				DEBUG_INFORMATION_FORMAT = "dwarf-with-dsym";
				ENABLE_NS_ASSERTIONS = NO;
				ENABLE_STRICT_OBJC_MSGSEND = YES;
				GCC_C_LANGUAGE_STANDARD = gnu11;
				GCC_NO_COMMON_BLOCKS = YES;
				GCC_WARN_64_TO_32_BIT_CONVERSION = YES;
				GCC_WARN_ABOUT_RETURN_TYPE = YES_ERROR;
				GCC_WARN_UNDECLARED_SELECTOR = YES;
				GCC_WARN_UNINITIALIZED_AUTOS = YES_AGGRESSIVE;
				GCC_WARN_UNUSED_FUNCTION = YES;
				GCC_WARN_UNUSED_VARIABLE = YES;
				IPHONEOS_DEPLOYMENT_TARGET = 12.2;
				MTL_ENABLE_DEBUG_INFO = NO;
				MTL_FAST_MATH = YES;
				SDKROOT = iphoneos;
				SWIFT_COMPILATION_MODE = wholemodule;
				SWIFT_OPTIMIZATION_LEVEL = "-O";
				VALIDATE_PRODUCT = YES;
			};
			name = Release;
		};
		C7DBC35D22D221E200965C11 /* Debug */ = {
			isa = XCBuildConfiguration;
			buildSettings = {
				ASSETCATALOG_COMPILER_APPICON_NAME = AppIcon;
				CODE_SIGN_STYLE = Automatic;
				INFOPLIST_FILE = SideDrawer/Info.plist;
				LD_RUNPATH_SEARCH_PATHS = (
					"$(inherited)",
					"@executable_path/Frameworks",
				);
				PRODUCT_BUNDLE_IDENTIFIER = com.mypc.test.SideDrawer;
				PRODUCT_NAME = "$(TARGET_NAME)";
				SWIFT_VERSION = 5.0;
				TARGETED_DEVICE_FAMILY = "1,2";
			};
			name = Debug;
		};
		C7DBC35E22D221E200965C11 /* Release */ = {
			isa = XCBuildConfiguration;
			buildSettings = {
				ASSETCATALOG_COMPILER_APPICON_NAME = AppIcon;
				CODE_SIGN_STYLE = Automatic;
				INFOPLIST_FILE = SideDrawer/Info.plist;
				LD_RUNPATH_SEARCH_PATHS = (
					"$(inherited)",
					"@executable_path/Frameworks",
				);
				PRODUCT_BUNDLE_IDENTIFIER = com.mypc.test.SideDrawer;
				PRODUCT_NAME = "$(TARGET_NAME)";
				SWIFT_VERSION = 5.0;
				TARGETED_DEVICE_FAMILY = "1,2";
			};
			name = Release;
		};
		C7DBC36022D221E200965C11 /* Debug */ = {
			isa = XCBuildConfiguration;
			buildSettings = {
				ALWAYS_EMBED_SWIFT_STANDARD_LIBRARIES = YES;
				BUNDLE_LOADER = "$(TEST_HOST)";
				CODE_SIGN_STYLE = Automatic;
				INFOPLIST_FILE = SideDrawerTests/Info.plist;
				LD_RUNPATH_SEARCH_PATHS = (
					"$(inherited)",
					"@executable_path/Frameworks",
					"@loader_path/Frameworks",
				);
				PRODUCT_BUNDLE_IDENTIFIER = com.mypc.test.SideDrawerTests;
				PRODUCT_NAME = "$(TARGET_NAME)";
				SWIFT_VERSION = 5.0;
				TARGETED_DEVICE_FAMILY = "1,2";
				TEST_HOST = "$(BUILT_PRODUCTS_DIR)/SideDrawer.app/SideDrawer";
			};
			name = Debug;
		};
		C7DBC36122D221E200965C11 /* Release */ = {
			isa = XCBuildConfiguration;
			buildSettings = {
				ALWAYS_EMBED_SWIFT_STANDARD_LIBRARIES = YES;
				BUNDLE_LOADER = "$(TEST_HOST)";
				CODE_SIGN_STYLE = Automatic;
				INFOPLIST_FILE = SideDrawerTests/Info.plist;
				LD_RUNPATH_SEARCH_PATHS = (
					"$(inherited)",
					"@executable_path/Frameworks",
					"@loader_path/Frameworks",
				);
				PRODUCT_BUNDLE_IDENTIFIER = com.mypc.test.SideDrawerTests;
				PRODUCT_NAME = "$(TARGET_NAME)";
				SWIFT_VERSION = 5.0;
				TARGETED_DEVICE_FAMILY = "1,2";
				TEST_HOST = "$(BUILT_PRODUCTS_DIR)/SideDrawer.app/SideDrawer";
			};
			name = Release;
		};
		C7DBC36322D221E200965C11 /* Debug */ = {
			isa = XCBuildConfiguration;
			buildSettings = {
				ALWAYS_EMBED_SWIFT_STANDARD_LIBRARIES = YES;
				CODE_SIGN_STYLE = Automatic;
				INFOPLIST_FILE = SideDrawerUITests/Info.plist;
				LD_RUNPATH_SEARCH_PATHS = (
					"$(inherited)",
					"@executable_path/Frameworks",
					"@loader_path/Frameworks",
				);
				PRODUCT_BUNDLE_IDENTIFIER = com.mypc.test.SideDrawerUITests;
				PRODUCT_NAME = "$(TARGET_NAME)";
				SWIFT_VERSION = 5.0;
				TARGETED_DEVICE_FAMILY = "1,2";
				TEST_TARGET_NAME = SideDrawer;
			};
			name = Debug;
		};
		C7DBC36422D221E200965C11 /* Release */ = {
			isa = XCBuildConfiguration;
			buildSettings = {
				ALWAYS_EMBED_SWIFT_STANDARD_LIBRARIES = YES;
				CODE_SIGN_STYLE = Automatic;
				INFOPLIST_FILE = SideDrawerUITests/Info.plist;
				LD_RUNPATH_SEARCH_PATHS = (
					"$(inherited)",
					"@executable_path/Frameworks",
					"@loader_path/Frameworks",
				);
				PRODUCT_BUNDLE_IDENTIFIER = com.mypc.test.SideDrawerUITests;
				PRODUCT_NAME = "$(TARGET_NAME)";
				SWIFT_VERSION = 5.0;
				TARGETED_DEVICE_FAMILY = "1,2";
				TEST_TARGET_NAME = SideDrawer;
			};
			name = Release;
		};
/* End XCBuildConfiguration section */

/* Begin XCConfigurationList section */
		C7DBC32C22D221E100965C11 /* Build configuration list for PBXProject "SideDrawer" */ = {
			isa = XCConfigurationList;
			buildConfigurations = (
				C7DBC35A22D221E200965C11 /* Debug */,
				C7DBC35B22D221E200965C11 /* Release */,
			);
			defaultConfigurationIsVisible = 0;
			defaultConfigurationName = Release;
		};
		C7DBC35C22D221E200965C11 /* Build configuration list for PBXNativeTarget "SideDrawer" */ = {
			isa = XCConfigurationList;
			buildConfigurations = (
				C7DBC35D22D221E200965C11 /* Debug */,
				C7DBC35E22D221E200965C11 /* Release */,
			);
			defaultConfigurationIsVisible = 0;
			defaultConfigurationName = Release;
		};
		C7DBC35F22D221E200965C11 /* Build configuration list for PBXNativeTarget "SideDrawerTests" */ = {
			isa = XCConfigurationList;
			buildConfigurations = (
				C7DBC36022D221E200965C11 /* Debug */,
				C7DBC36122D221E200965C11 /* Release */,
			);
			defaultConfigurationIsVisible = 0;
			defaultConfigurationName = Release;
		};
		C7DBC36222D221E200965C11 /* Build configuration list for PBXNativeTarget "SideDrawerUITests" */ = {
			isa = XCConfigurationList;
			buildConfigurations = (
				C7DBC36322D221E200965C11 /* Debug */,
				C7DBC36422D221E200965C11 /* Release */,
			);
			defaultConfigurationIsVisible = 0;
			defaultConfigurationName = Release;
		};
/* End XCConfigurationList section */
	};
	rootObject = C7DBC32922D221E100965C11 /* Project object */;
}
